
Microsoft Visual Studio Solution File, Format Version 12.00
# Visual Studio 14
VisualStudioVersion = 14.0.25420.1
MinimumVisualStudioVersion = 10.0.40219.1
Project("{FAE04EC0-301F-11D3-BF4B-00C04F79EFBC}") = "MedianFilterV2_Server", "MedianFilterV2_Server\MedianFilterV2_Server.csproj", "{333E1FDA-B72B-4404-B32B-85227F90B8C6}"
EndProject
Project("{FAE04EC0-301F-11D3-BF4B-00C04F79EFBC}") = "MedianFilterV2_Client", "MedianFilterV2_Client\MedianFilterV2_Client.csproj", "{F59C5580-167E-48E5-A1FE-D48BE6B2F3CF}"
EndProject
Project("{FAE04EC0-301F-11D3-BF4B-00C04F79EFBC}") = "MedianFilterV2_Shared", "MedianFilterV2_Shared\MedianFilterV2_Shared.csproj", "{9E6388BB-1F30-45CF-9A67-3F0117019882}"
EndProject
Global
	GlobalSection(SolutionConfigurationPlatforms) = preSolution
		Debug|Any CPU = Debug|Any CPU
		Release|Any CPU = Release|Any CPU
	EndGlobalSection
	GlobalSection(ProjectConfigurationPlatforms) = postSolution
		{333E1FDA-B72B-4404-B32B-85227F90B8C6}.Debug|Any CPU.ActiveCfg = Debug|Any CPU
		{333E1FDA-B72B-4404-B32B-85227F90B8C6}.Debug|Any CPU.Build.0 = Debug|Any CPU
		{333E1FDA-B72B-4404-B32B-85227F90B8C6}.Release|Any CPU.ActiveCfg = Release|Any CPU
		{333E1FDA-B72B-4404-B32B-85227F90B8C6}.Release|Any CPU.Build.0 = Release|Any CPU
		{F59C5580-167E-48E5-A1FE-D48BE6B2F3CF}.Debug|Any CPU.ActiveCfg = Debug|Any CPU
		{F59C5580-167E-48E5-A1FE-D48BE6B2F3CF}.Debug|Any CPU.Build.0 = Debug|Any CPU
		{F59C5580-167E-48E5-A1FE-D48BE6B2F3CF}.Release|Any CPU.ActiveCfg = Release|Any CPU
		{F59C5580-167E-48E5-A1FE-D48BE6B2F3CF}.Release|Any CPU.Build.0 = Release|Any CPU
		{9E6388BB-1F30-45CF-9A67-3F0117019882}.Debug|Any CPU.ActiveCfg = Debug|Any CPU
		{9E6388BB-1F30-45CF-9A67-3F0117019882}.Debug|Any CPU.Build.0 = Debug|Any CPU
		{9E6388BB-1F30-45CF-9A67-3F0117019882}.Release|Any CPU.ActiveCfg = Release|Any CPU
		{9E6388BB-1F30-45CF-9A67-3F0117019882}.Release|Any CPU.Build.0 = Release|Any CPU
	EndGlobalSection
	GlobalSection(SolutionProperties) = preSolution
		HideSolutionNode = FALSE
	EndGlobalSection
EndGlobal
